// !$*UTF8*$!
{
	archiveVersion = 1;
	classes = {
	};
	objectVersion = 56;
	objects = {

/* Begin PBXBuildFile section */
		5DDB2C782C3201AA00CD1B24 /* AppDelegate.swift in Sources */ = {isa = PBXBuildFile; fileRef = 5DDB2C772C3201AA00CD1B24 /* AppDelegate.swift */; };
		5DDB2C7A2C3201AA00CD1B24 /* SceneDelegate.swift in Sources */ = {isa = PBXBuildFile; fileRef = 5DDB2C792C3201AA00CD1B24 /* SceneDelegate.swift */; };
		5DDB2C7C2C3201AA00CD1B24 /* ViewController.swift in Sources */ = {isa = PBXBuildFile; fileRef = 5DDB2C7B2C3201AA00CD1B24 /* ViewController.swift */; };
		5DDB2C7F2C3201AA00CD1B24 /* Base in Resources */ = {isa = PBXBuildFile; fileRef = 5DDB2C7E2C3201AA00CD1B24 /* Base */; };
		5DDB2C812C3201AB00CD1B24 /* Assets.xcassets in Resources */ = {isa = PBXBuildFile; fileRef = 5DDB2C802C3201AB00CD1B24 /* Assets.xcassets */; };
		5DDB2C842C3201AB00CD1B24 /* Base in Resources */ = {isa = PBXBuildFile; fileRef = 5DDB2C832C3201AB00CD1B24 /* Base */; };
		5DDB2C8F2C3201AB00CD1B24 /* Demo_SampleTests.swift in Sources */ = {isa = PBXBuildFile; fileRef = 5DDB2C8E2C3201AB00CD1B24 /* Demo_SampleTests.swift */; };
		5DDB2C992C3201AB00CD1B24 /* Demo_SampleUITests.swift in Sources */ = {isa = PBXBuildFile; fileRef = 5DDB2C982C3201AB00CD1B24 /* Demo_SampleUITests.swift */; };
		5DDB2C9B2C3201AB00CD1B24 /* Demo_SampleUITestsLaunchTests.swift in Sources */ = {isa = PBXBuildFile; fileRef = 5DDB2C9A2C3201AB00CD1B24 /* Demo_SampleUITestsLaunchTests.swift */; };
/* End PBXBuildFile section */

/* Begin PBXContainerItemProxy section */
		5DDB2C8B2C3201AB00CD1B24 /* PBXContainerItemProxy */ = {
			isa = PBXContainerItemProxy;
			containerPortal = 5DDB2C6C2C3201AA00CD1B24 /* Project object */;
			proxyType = 1;
			remoteGlobalIDString = 5DDB2C732C3201AA00CD1B24;
			remoteInfo = "Demo Sample";
		};
		5DDB2C952C3201AB00CD1B24 /* PBXContainerItemProxy */ = {
			isa = PBXContainerItemProxy;
			containerPortal = 5DDB2C6C2C3201AA00CD1B24 /* Project object */;
			proxyType = 1;
			remoteGlobalIDString = 5DDB2C732C3201AA00CD1B24;
			remoteInfo = "Demo Sample";
		};
/* End PBXContainerItemProxy section */

/* Begin PBXFileReference section */
		5DDB2C742C3201AA00CD1B24 /* Demo Sample.app */ = {isa = PBXFileReference; explicitFileType = wrapper.application; includeInIndex = 0; path = "Demo Sample.app"; sourceTree = BUILT_PRODUCTS_DIR; };
		5DDB2C772C3201AA00CD1B24 /* AppDelegate.swift */ = {isa = PBXFileReference; lastKnownFileType = sourcecode.swift; path = AppDelegate.swift; sourceTree = "<group>"; };
		5DDB2C792C3201AA00CD1B24 /* SceneDelegate.swift */ = {isa = PBXFileReference; lastKnownFileType = sourcecode.swift; path = SceneDelegate.swift; sourceTree = "<group>"; };
		5DDB2C7B2C3201AA00CD1B24 /* ViewController.swift */ = {isa = PBXFileReference; lastKnownFileType = sourcecode.swift; path = ViewController.swift; sourceTree = "<group>"; };
		5DDB2C7E2C3201AA00CD1B24 /* Base */ = {isa = PBXFileReference; lastKnownFileType = file.storyboard; name = Base; path = Base.lproj/Main.storyboard; sourceTree = "<group>"; };
		5DDB2C802C3201AB00CD1B24 /* Assets.xcassets */ = {isa = PBXFileReference; lastKnownFileType = folder.assetcatalog; path = Assets.xcassets; sourceTree = "<group>"; };
		5DDB2C832C3201AB00CD1B24 /* Base */ = {isa = PBXFileReference; lastKnownFileType = file.storyboard; name = Base; path = Base.lproj/LaunchScreen.storyboard; sourceTree = "<group>"; };
		5DDB2C852C3201AB00CD1B24 /* Info.plist */ = {isa = PBXFileReference; lastKnownFileType = text.plist.xml; path = Info.plist; sourceTree = "<group>"; };
		5DDB2C8A2C3201AB00CD1B24 /* Demo SampleTests.xctest */ = {isa = PBXFileReference; explicitFileType = wrapper.cfbundle; includeInIndex = 0; path = "Demo SampleTests.xctest"; sourceTree = BUILT_PRODUCTS_DIR; };
		5DDB2C8E2C3201AB00CD1B24 /* Demo_SampleTests.swift */ = {isa = PBXFileReference; lastKnownFileType = sourcecode.swift; path = Demo_SampleTests.swift; sourceTree = "<group>"; };
		5DDB2C942C3201AB00CD1B24 /* Demo SampleUITests.xctest */ = {isa = PBXFileReference; explicitFileType = wrapper.cfbundle; includeInIndex = 0; path = "Demo SampleUITests.xctest"; sourceTree = BUILT_PRODUCTS_DIR; };
		5DDB2C982C3201AB00CD1B24 /* Demo_SampleUITests.swift */ = {isa = PBXFileReference; lastKnownFileType = sourcecode.swift; path = Demo_SampleUITests.swift; sourceTree = "<group>"; };
		5DDB2C9A2C3201AB00CD1B24 /* Demo_SampleUITestsLaunchTests.swift */ = {isa = PBXFileReference; lastKnownFileType = sourcecode.swift; path = Demo_SampleUITestsLaunchTests.swift; sourceTree = "<group>"; };
/* End PBXFileReference section */

/* Begin PBXFrameworksBuildPhase section */
		5DDB2C712C3201AA00CD1B24 /* Frameworks */ = {
			isa = PBXFrameworksBuildPhase;
			buildActionMask = 2147483647;
			files = (
			);
			runOnlyForDeploymentPostprocessing = 0;
		};
		5DDB2C872C3201AB00CD1B24 /* Frameworks */ = {
			isa = PBXFrameworksBuildPhase;
			buildActionMask = 2147483647;
			files = (
			);
			runOnlyForDeploymentPostprocessing = 0;
		};
		5DDB2C912C3201AB00CD1B24 /* Frameworks */ = {
			isa = PBXFrameworksBuildPhase;
			buildActionMask = 2147483647;
			files = (
			);
			runOnlyForDeploymentPostprocessing = 0;
		};
/* End PBXFrameworksBuildPhase section */

/* Begin PBXGroup section */
		5DDB2C6B2C3201AA00CD1B24 = {
			isa = PBXGroup;
			children = (
				5DDB2C762C3201AA00CD1B24 /* Demo Sample */,
				5DDB2C8D2C3201AB00CD1B24 /* Demo SampleTests */,
				5DDB2C972C3201AB00CD1B24 /* Demo SampleUITests */,
				5DDB2C752C3201AA00CD1B24 /* Products */,
			);
			sourceTree = "<group>";
		};
		5DDB2C752C3201AA00CD1B24 /* Products */ = {
			isa = PBXGroup;
			children = (
				5DDB2C742C3201AA00CD1B24 /* Demo Sample.app */,
				5DDB2C8A2C3201AB00CD1B24 /* Demo SampleTests.xctest */,
				5DDB2C942C3201AB00CD1B24 /* Demo SampleUITests.xctest */,
			);
			name = Products;
			sourceTree = "<group>";
		};
		5DDB2C762C3201AA00CD1B24 /* Demo Sample */ = {
			isa = PBXGroup;
			children = (
				5DDB2C772C3201AA00CD1B24 /* AppDelegate.swift */,
				5DDB2C792C3201AA00CD1B24 /* SceneDelegate.swift */,
				5DDB2C7B2C3201AA00CD1B24 /* ViewController.swift */,
				5DDB2C7D2C3201AA00CD1B24 /* Main.storyboard */,
				5DDB2C802C3201AB00CD1B24 /* Assets.xcassets */,
				5DDB2C822C3201AB00CD1B24 /* LaunchScreen.storyboard */,
				5DDB2C852C3201AB00CD1B24 /* Info.plist */,
			);
			path = "Demo Sample";
			sourceTree = "<group>";
		};
		5DDB2C8D2C3201AB00CD1B24 /* Demo SampleTests */ = {
			isa = PBXGroup;
			children = (
				5DDB2C8E2C3201AB00CD1B24 /* Demo_SampleTests.swift */,
			);
			path = "Demo SampleTests";
			sourceTree = "<group>";
		};
		5DDB2C972C3201AB00CD1B24 /* Demo SampleUITests */ = {
			isa = PBXGroup;
			children = (
				5DDB2C982C3201AB00CD1B24 /* Demo_SampleUITests.swift */,
				5DDB2C9A2C3201AB00CD1B24 /* Demo_SampleUITestsLaunchTests.swift */,
			);
			path = "Demo SampleUITests";
			sourceTree = "<group>";
		};
/* End PBXGroup section */

/* Begin PBXNativeTarget section */
		5DDB2C732C3201AA00CD1B24 /* Demo Sample */ = {
			isa = PBXNativeTarget;
			buildConfigurationList = 5DDB2C9E2C3201AB00CD1B24 /* Build configuration list for PBXNativeTarget "Demo Sample" */;
			buildPhases = (
				5DDB2C702C3201AA00CD1B24 /* Sources */,
				5DDB2C712C3201AA00CD1B24 /* Frameworks */,
				5DDB2C722C3201AA00CD1B24 /* Resources */,
			);
			buildRules = (
			);
			dependencies = (
			);
			name = "Demo Sample";
			productName = "Demo Sample";
			productReference = 5DDB2C742C3201AA00CD1B24 /* Demo Sample.app */;
			productType = "com.apple.product-type.application";
		};
		5DDB2C892C3201AB00CD1B24 /* Demo SampleTests */ = {
			isa = PBXNativeTarget;
			buildConfigurationList = 5DDB2CA12C3201AB00CD1B24 /* Build configuration list for PBXNativeTarget "Demo SampleTests" */;
			buildPhases = (
				5DDB2C862C3201AB00CD1B24 /* Sources */,
				5DDB2C872C3201AB00CD1B24 /* Frameworks */,
				5DDB2C882C3201AB00CD1B24 /* Resources */,
			);
			buildRules = (
			);
			dependencies = (
				5DDB2C8C2C3201AB00CD1B24 /* PBXTargetDependency */,
			);
			name = "Demo SampleTests";
			productName = "Demo SampleTests";
			productReference = 5DDB2C8A2C3201AB00CD1B24 /* Demo SampleTests.xctest */;
			productType = "com.apple.product-type.bundle.unit-test";
		};
		5DDB2C932C3201AB00CD1B24 /* Demo SampleUITests */ = {
			isa = PBXNativeTarget;
			buildConfigurationList = 5DDB2CA42C3201AB00CD1B24 /* Build configuration list for PBXNativeTarget "Demo SampleUITests" */;
			buildPhases = (
				5DDB2C902C3201AB00CD1B24 /* Sources */,
				5DDB2C912C3201AB00CD1B24 /* Frameworks */,
				5DDB2C922C3201AB00CD1B24 /* Resources */,
			);
			buildRules = (
			);
			dependencies = (
				5DDB2C962C3201AB00CD1B24 /* PBXTargetDependency */,
			);
			name = "Demo SampleUITests";
			productName = "Demo SampleUITests";
			productReference = 5DDB2C942C3201AB00CD1B24 /* Demo SampleUITests.xctest */;
			productType = "com.apple.product-type.bundle.ui-testing";
		};
/* End PBXNativeTarget section */

/* Begin PBXProject section */
		5DDB2C6C2C3201AA00CD1B24 /* Project object */ = {
			isa = PBXProject;
			attributes = {
				BuildIndependentTargetsInParallel = 1;
				LastSwiftUpdateCheck = 1540;
				LastUpgradeCheck = 1540;
				TargetAttributes = {
					5DDB2C732C3201AA00CD1B24 = {
						CreatedOnToolsVersion = 15.4;
					};
					5DDB2C892C3201AB00CD1B24 = {
						CreatedOnToolsVersion = 15.4;
						TestTargetID = 5DDB2C732C3201AA00CD1B24;
					};
					5DDB2C932C3201AB00CD1B24 = {
						CreatedOnToolsVersion = 15.4;
						TestTargetID = 5DDB2C732C3201AA00CD1B24;
					};
				};
			};
			buildConfigurationList = 5DDB2C6F2C3201AA00CD1B24 /* Build configuration list for PBXProject "Demo Sample" */;
			compatibilityVersion = "Xcode 14.0";
			developmentRegion = en;
			hasScannedForEncodings = 0;
			knownRegions = (
				en,
				Base,
			);
			mainGroup = 5DDB2C6B2C3201AA00CD1B24;
			productRefGroup = 5DDB2C752C3201AA00CD1B24 /* Products */;
			projectDirPath = "";
			projectRoot = "";
			targets = (
				5DDB2C732C3201AA00CD1B24 /* Demo Sample */,
				5DDB2C892C3201AB00CD1B24 /* Demo SampleTests */,
				5DDB2C932C3201AB00CD1B24 /* Demo SampleUITests */,
			);
		};
/* End PBXProject section */

/* Begin PBXResourcesBuildPhase section */
		5DDB2C722C3201AA00CD1B24 /* Resources */ = {
			isa = PBXResourcesBuildPhase;
			buildActionMask = 2147483647;
			files = (
				5DDB2C812C3201AB00CD1B24 /* Assets.xcassets in Resources */,
				5DDB2C842C3201AB00CD1B24 /* Base in Resources */,
				5DDB2C7F2C3201AA00CD1B24 /* Base in Resources */,
			);
			runOnlyForDeploymentPostprocessing = 0;
		};
		5DDB2C882C3201AB00CD1B24 /* Resources */ = {
			isa = PBXResourcesBuildPhase;
			buildActionMask = 2147483647;
			files = (
			);
			runOnlyForDeploymentPostprocessing = 0;
		};
		5DDB2C922C3201AB00CD1B24 /* Resources */ = {
			isa = PBXResourcesBuildPhase;
			buildActionMask = 2147483647;
			files = (
			);
			runOnlyForDeploymentPostprocessing = 0;
		};
/* End PBXResourcesBuildPhase section */

/* Begin PBXSourcesBuildPhase section */
		5DDB2C702C3201AA00CD1B24 /* Sources */ = {
			isa = PBXSourcesBuildPhase;
			buildActionMask = 2147483647;
			files = (
				5DDB2C7C2C3201AA00CD1B24 /* ViewController.swift in Sources */,
				5DDB2C782C3201AA00CD1B24 /* AppDelegate.swift in Sources */,
				5DDB2C7A2C3201AA00CD1B24 /* SceneDelegate.swift in Sources */,
			);
			runOnlyForDeploymentPostprocessing = 0;
		};
		5DDB2C862C3201AB00CD1B24 /* Sources */ = {
			isa = PBXSourcesBuildPhase;
			buildActionMask = 2147483647;
			files = (
				5DDB2C8F2C3201AB00CD1B24 /* Demo_SampleTests.swift in Sources */,
			);
			runOnlyForDeploymentPostprocessing = 0;
		};
		5DDB2C902C3201AB00CD1B24 /* Sources */ = {
			isa = PBXSourcesBuildPhase;
			buildActionMask = 2147483647;
			files = (
				5DDB2C992C3201AB00CD1B24 /* Demo_SampleUITests.swift in Sources */,
				5DDB2C9B2C3201AB00CD1B24 /* Demo_SampleUITestsLaunchTests.swift in Sources */,
			);
			runOnlyForDeploymentPostprocessing = 0;
		};
/* End PBXSourcesBuildPhase section */

/* Begin PBXTargetDependency section */
		5DDB2C8C2C3201AB00CD1B24 /* PBXTargetDependency */ = {
			isa = PBXTargetDependency;
			target = 5DDB2C732C3201AA00CD1B24 /* Demo Sample */;
			targetProxy = 5DDB2C8B2C3201AB00CD1B24 /* PBXContainerItemProxy */;
		};
		5DDB2C962C3201AB00CD1B24 /* PBXTargetDependency */ = {
			isa = PBXTargetDependency;
			target = 5DDB2C732C3201AA00CD1B24 /* Demo Sample */;
			targetProxy = 5DDB2C952C3201AB00CD1B24 /* PBXContainerItemProxy */;
		};
/* End PBXTargetDependency section */

/* Begin PBXVariantGroup section */
		5DDB2C7D2C3201AA00CD1B24 /* Main.storyboard */ = {
			isa = PBXVariantGroup;
			children = (
				5DDB2C7E2C3201AA00CD1B24 /* Base */,
			);
			name = Main.storyboard;
			sourceTree = "<group>";
		};
		5DDB2C822C3201AB00CD1B24 /* LaunchScreen.storyboard */ = {
			isa = PBXVariantGroup;
			children = (
				5DDB2C832C3201AB00CD1B24 /* Base */,
			);
			name = LaunchScreen.storyboard;
			sourceTree = "<group>";
		};
/* End PBXVariantGroup section */

/* Begin XCBuildConfiguration section */
		5DDB2C9C2C3201AB00CD1B24 /* Debug */ = {
			isa = XCBuildConfiguration;
			buildSettings = {
				ALWAYS_SEARCH_USER_PATHS = NO;
				ASSETCATALOG_COMPILER_GENERATE_SWIFT_ASSET_SYMBOL_EXTENSIONS = YES;
				CLANG_ANALYZER_NONNULL = YES;
				CLANG_ANALYZER_NUMBER_OBJECT_CONVERSION = YES_AGGRESSIVE;
				CLANG_CXX_LANGUAGE_STANDARD = "gnu++20";
				CLANG_ENABLE_MODULES = YES;
				CLANG_ENABLE_OBJC_ARC = YES;
				CLANG_ENABLE_OBJC_WEAK = YES;
				CLANG_WARN_BLOCK_CAPTURE_AUTORELEASING = YES;
				CLANG_WARN_BOOL_CONVERSION = YES;
				CLANG_WARN_COMMA = YES;
				CLANG_WARN_CONSTANT_CONVERSION = YES;
				CLANG_WARN_DEPRECATED_OBJC_IMPLEMENTATIONS = YES;
				CLANG_WARN_DIRECT_OBJC_ISA_USAGE = YES_ERROR;
				CLANG_WARN_DOCUMENTATION_COMMENTS = YES;
				CLANG_WARN_EMPTY_BODY = YES;
				CLANG_WARN_ENUM_CONVERSION = YES;
				CLANG_WARN_INFINITE_RECURSION = YES;
				CLANG_WARN_INT_CONVERSION = YES;
				CLANG_WARN_NON_LITERAL_NULL_CONVERSION = YES;
				CLANG_WARN_OBJC_IMPLICIT_RETAIN_SELF = YES;
				CLANG_WARN_OBJC_LITERAL_CONVERSION = YES;
				CLANG_WARN_OBJC_ROOT_CLASS = YES_ERROR;
				CLANG_WARN_QUOTED_INCLUDE_IN_FRAMEWORK_HEADER = YES;
				CLANG_WARN_RANGE_LOOP_ANALYSIS = YES;
				CLANG_WARN_STRICT_PROTOTYPES = YES;
				CLANG_WARN_SUSPICIOUS_MOVE = YES;
				CLANG_WARN_UNGUARDED_AVAILABILITY = YES_AGGRESSIVE;
				CLANG_WARN_UNREACHABLE_CODE = YES;
				CLANG_WARN__DUPLICATE_METHOD_MATCH = YES;
				COPY_PHASE_STRIP = NO;
				DEBUG_INFORMATION_FORMAT = dwarf;
				ENABLE_STRICT_OBJC_MSGSEND = YES;
				ENABLE_TESTABILITY = YES;
				ENABLE_USER_SCRIPT_SANDBOXING = YES;
				GCC_C_LANGUAGE_STANDARD = gnu17;
				GCC_DYNAMIC_NO_PIC = NO;
				GCC_NO_COMMON_BLOCKS = YES;
				GCC_OPTIMIZATION_LEVEL = 0;
				GCC_PREPROCESSOR_DEFINITIONS = (
					"DEBUG=1",
					"$(inherited)",
				);
				GCC_WARN_64_TO_32_BIT_CONVERSION = YES;
				GCC_WARN_ABOUT_RETURN_TYPE = YES_ERROR;
				GCC_WARN_UNDECLARED_SELECTOR = YES;
				GCC_WARN_UNINITIALIZED_AUTOS = YES_AGGRESSIVE;
				GCC_WARN_UNUSED_FUNCTION = YES;
				GCC_WARN_UNUSED_VARIABLE = YES;
				IPHONEOS_DEPLOYMENT_TARGET = 17.5;
				LOCALIZATION_PREFERS_STRING_CATALOGS = YES;
				MTL_ENABLE_DEBUG_INFO = INCLUDE_SOURCE;
				MTL_FAST_MATH = YES;
				ONLY_ACTIVE_ARCH = YES;
				SDKROOT = iphoneos;
				SWIFT_ACTIVE_COMPILATION_CONDITIONS = "DEBUG $(inherited)";
				SWIFT_OPTIMIZATION_LEVEL = "-Onone";
			};
			name = Debug;
		};
		5DDB2C9D2C3201AB00CD1B24 /* Release */ = {
			isa = XCBuildConfiguration;
			buildSettings = {
				ALWAYS_SEARCH_USER_PATHS = NO;
				ASSETCATALOG_COMPILER_GENERATE_SWIFT_ASSET_SYMBOL_EXTENSIONS = YES;
				CLANG_ANALYZER_NONNULL = YES;
				CLANG_ANALYZER_NUMBER_OBJECT_CONVERSION = YES_AGGRESSIVE;
				CLANG_CXX_LANGUAGE_STANDARD = "gnu++20";
				CLANG_ENABLE_MODULES = YES;
				CLANG_ENABLE_OBJC_ARC = YES;
				CLANG_ENABLE_OBJC_WEAK = YES;
				CLANG_WARN_BLOCK_CAPTURE_AUTORELEASING = YES;
				CLANG_WARN_BOOL_CONVERSION = YES;
				CLANG_WARN_COMMA = YES;
				CLANG_WARN_CONSTANT_CONVERSION = YES;
				CLANG_WARN_DEPRECATED_OBJC_IMPLEMENTATIONS = YES;
				CLANG_WARN_DIRECT_OBJC_ISA_USAGE = YES_ERROR;
				CLANG_WARN_DOCUMENTATION_COMMENTS = YES;
				CLANG_WARN_EMPTY_BODY = YES;
				CLANG_WARN_ENUM_CONVERSION = YES;
				CLANG_WARN_INFINITE_RECURSION = YES;
				CLANG_WARN_INT_CONVERSION = YES;
				CLANG_WARN_NON_LITERAL_NULL_CONVERSION = YES;
				CLANG_WARN_OBJC_IMPLICIT_RETAIN_SELF = YES;
				CLANG_WARN_OBJC_LITERAL_CONVERSION = YES;
				CLANG_WARN_OBJC_ROOT_CLASS = YES_ERROR;
				CLANG_WARN_QUOTED_INCLUDE_IN_FRAMEWORK_HEADER = YES;
				CLANG_WARN_RANGE_LOOP_ANALYSIS = YES;
				CLANG_WARN_STRICT_PROTOTYPES = YES;
				CLANG_WARN_SUSPICIOUS_MOVE = YES;
				CLANG_WARN_UNGUARDED_AVAILABILITY = YES_AGGRESSIVE;
				CLANG_WARN_UNREACHABLE_CODE = YES;
				CLANG_WARN__DUPLICATE_METHOD_MATCH = YES;
				COPY_PHASE_STRIP = NO;
				DEBUG_INFORMATION_FORMAT = "dwarf-with-dsym";
				ENABLE_NS_ASSERTIONS = NO;
				ENABLE_STRICT_OBJC_MSGSEND = YES;
				ENABLE_USER_SCRIPT_SANDBOXING = YES;
				GCC_C_LANGUAGE_STANDARD = gnu17;
				GCC_NO_COMMON_BLOCKS = YES;
				GCC_WARN_64_TO_32_BIT_CONVERSION = YES;
				GCC_WARN_ABOUT_RETURN_TYPE = YES_ERROR;
				GCC_WARN_UNDECLARED_SELECTOR = YES;
				GCC_WARN_UNINITIALIZED_AUTOS = YES_AGGRESSIVE;
				GCC_WARN_UNUSED_FUNCTION = YES;
				GCC_WARN_UNUSED_VARIABLE = YES;
				IPHONEOS_DEPLOYMENT_TARGET = 17.5;
				LOCALIZATION_PREFERS_STRING_CATALOGS = YES;
				MTL_ENABLE_DEBUG_INFO = NO;
				MTL_FAST_MATH = YES;
				SDKROOT = iphoneos;
				SWIFT_COMPILATION_MODE = wholemodule;
				VALIDATE_PRODUCT = YES;
			};
			name = Release;
		};
		5DDB2C9F2C3201AB00CD1B24 /* Debug */ = {
			isa = XCBuildConfiguration;
			buildSettings = {
				ASSETCATALOG_COMPILER_APPICON_NAME = AppIcon;
				ASSETCATALOG_COMPILER_GLOBAL_ACCENT_COLOR_NAME = AccentColor;
				CODE_SIGN_STYLE = Automatic;
				CURRENT_PROJECT_VERSION = 1;
				DEVELOPMENT_TEAM = G9YFLZDMRH;
				GENERATE_INFOPLIST_FILE = YES;
				INFOPLIST_FILE = "Demo Sample/Info.plist";
				INFOPLIST_KEY_UIApplicationSupportsIndirectInputEvents = YES;
				INFOPLIST_KEY_UILaunchStoryboardName = LaunchScreen;
				INFOPLIST_KEY_UIMainStoryboardFile = Main;
				INFOPLIST_KEY_UISupportedInterfaceOrientations_iPad = "UIInterfaceOrientationPortrait UIInterfaceOrientationPortraitUpsideDown UIInterfaceOrientationLandscapeLeft UIInterfaceOrientationLandscapeRight";
				INFOPLIST_KEY_UISupportedInterfaceOrientations_iPhone = "UIInterfaceOrientationPortrait UIInterfaceOrientationLandscapeLeft UIInterfaceOrientationLandscapeRight";
				LD_RUNPATH_SEARCH_PATHS = (
					"$(inherited)",
					"@executable_path/Frameworks",
				);
				MARKETING_VERSION = 1.0;
				PRODUCT_BUNDLE_IDENTIFIER = "palashiosdeveloper-gmail.com.Demo-Sample";
				PRODUCT_NAME = "$(TARGET_NAME)";
				SWIFT_EMIT_LOC_STRINGS = YES;
				SWIFT_VERSION = 5.0;
				TARGETED_DEVICE_FAMILY = "1,2";
			};
			name = Debug;
		};
		5DDB2CA02C3201AB00CD1B24 /* Release */ = {
			isa = XCBuildConfiguration;
			buildSettings = {
				ASSETCATALOG_COMPILER_APPICON_NAME = AppIcon;
				ASSETCATALOG_COMPILER_GLOBAL_ACCENT_COLOR_NAME = AccentColor;
				CODE_SIGN_STYLE = Automatic;
				CURRENT_PROJECT_VERSION = 1;
				DEVELOPMENT_TEAM = G9YFLZDMRH;
				GENERATE_INFOPLIST_FILE = YES;
				INFOPLIST_FILE = "Demo Sample/Info.plist";
				INFOPLIST_KEY_UIApplicationSupportsIndirectInputEvents = YES;
				INFOPLIST_KEY_UILaunchStoryboardName = LaunchScreen;
				INFOPLIST_KEY_UIMainStoryboardFile = Main;
				INFOPLIST_KEY_UISupportedInterfaceOrientations_iPad = "UIInterfaceOrientationPortrait UIInterfaceOrientationPortraitUpsideDown UIInterfaceOrientationLandscapeLeft UIInterfaceOrientationLandscapeRight";
				INFOPLIST_KEY_UISupportedInterfaceOrientations_iPhone = "UIInterfaceOrientationPortrait UIInterfaceOrientationLandscapeLeft UIInterfaceOrientationLandscapeRight";
				LD_RUNPATH_SEARCH_PATHS = (
					"$(inherited)",
					"@executable_path/Frameworks",
				);
				MARKETING_VERSION = 1.0;
				PRODUCT_BUNDLE_IDENTIFIER = "palashiosdeveloper-gmail.com.Demo-Sample";
				PRODUCT_NAME = "$(TARGET_NAME)";
				SWIFT_EMIT_LOC_STRINGS = YES;
				SWIFT_VERSION = 5.0;
				TARGETED_DEVICE_FAMILY = "1,2";
			};
			name = Release;
		};
		5DDB2CA22C3201AB00CD1B24 /* Debug */ = {
			isa = XCBuildConfiguration;
			buildSettings = {
				ALWAYS_EMBED_SWIFT_STANDARD_LIBRARIES = YES;
				BUNDLE_LOADER = "$(TEST_HOST)";
				CODE_SIGN_STYLE = Automatic;
				CURRENT_PROJECT_VERSION = 1;
				DEVELOPMENT_TEAM = G9YFLZDMRH;
				GENERATE_INFOPLIST_FILE = YES;
				IPHONEOS_DEPLOYMENT_TARGET = 17.5;
				MARKETING_VERSION = 1.0;
				PRODUCT_BUNDLE_IDENTIFIER = "palashiosdeveloper-gmail.com.Demo-SampleTests";
				PRODUCT_NAME = "$(TARGET_NAME)";
				SWIFT_EMIT_LOC_STRINGS = NO;
				SWIFT_VERSION = 5.0;
				TARGETED_DEVICE_FAMILY = "1,2";
				TEST_HOST = "$(BUILT_PRODUCTS_DIR)/Demo Sample.app/$(BUNDLE_EXECUTABLE_FOLDER_PATH)/Demo Sample";
			};
			name = Debug;
		};
		5DDB2CA32C3201AB00CD1B24 /* Release */ = {
			isa = XCBuildConfiguration;
			buildSettings = {
				ALWAYS_EMBED_SWIFT_STANDARD_LIBRARIES = YES;
				BUNDLE_LOADER = "$(TEST_HOST)";
				CODE_SIGN_STYLE = Automatic;
				CURRENT_PROJECT_VERSION = 1;
				DEVELOPMENT_TEAM = G9YFLZDMRH;
				GENERATE_INFOPLIST_FILE = YES;
				IPHONEOS_DEPLOYMENT_TARGET = 17.5;
				MARKETING_VERSION = 1.0;
				PRODUCT_BUNDLE_IDENTIFIER = "palashiosdeveloper-gmail.com.Demo-SampleTests";
				PRODUCT_NAME = "$(TARGET_NAME)";
				SWIFT_EMIT_LOC_STRINGS = NO;
				SWIFT_VERSION = 5.0;
				TARGETED_DEVICE_FAMILY = "1,2";
				TEST_HOST = "$(BUILT_PRODUCTS_DIR)/Demo Sample.app/$(BUNDLE_EXECUTABLE_FOLDER_PATH)/Demo Sample";
			};
			name = Release;
		};
		5DDB2CA52C3201AB00CD1B24 /* Debug */ = {
			isa = XCBuildConfiguration;
			buildSettings = {
				ALWAYS_EMBED_SWIFT_STANDARD_LIBRARIES = YES;
				CODE_SIGN_STYLE = Automatic;
				CURRENT_PROJECT_VERSION = 1;
				DEVELOPMENT_TEAM = G9YFLZDMRH;
				GENERATE_INFOPLIST_FILE = YES;
				MARKETING_VERSION = 1.0;
				PRODUCT_BUNDLE_IDENTIFIER = "palashiosdeveloper-gmail.com.Demo-SampleUITests";
				PRODUCT_NAME = "$(TARGET_NAME)";
				SWIFT_EMIT_LOC_STRINGS = NO;
				SWIFT_VERSION = 5.0;
				TARGETED_DEVICE_FAMILY = "1,2";
				TEST_TARGET_NAME = "Demo Sample";
			};
			name = Debug;
		};
		5DDB2CA62C3201AB00CD1B24 /* Release */ = {
			isa = XCBuildConfiguration;
			buildSettings = {
				ALWAYS_EMBED_SWIFT_STANDARD_LIBRARIES = YES;
				CODE_SIGN_STYLE = Automatic;
				CURRENT_PROJECT_VERSION = 1;
				DEVELOPMENT_TEAM = G9YFLZDMRH;
				GENERATE_INFOPLIST_FILE = YES;
				MARKETING_VERSION = 1.0;
				PRODUCT_BUNDLE_IDENTIFIER = "palashiosdeveloper-gmail.com.Demo-SampleUITests";
				PRODUCT_NAME = "$(TARGET_NAME)";
				SWIFT_EMIT_LOC_STRINGS = NO;
				SWIFT_VERSION = 5.0;
				TARGETED_DEVICE_FAMILY = "1,2";
				TEST_TARGET_NAME = "Demo Sample";
			};
			name = Release;
		};
/* End XCBuildConfiguration section */

/* Begin XCConfigurationList section */
		5DDB2C6F2C3201AA00CD1B24 /* Build configuration list for PBXProject "Demo Sample" */ = {
			isa = XCConfigurationList;
			buildConfigurations = (
				5DDB2C9C2C3201AB00CD1B24 /* Debug */,
				5DDB2C9D2C3201AB00CD1B24 /* Release */,
			);
			defaultConfigurationIsVisible = 0;
			defaultConfigurationName = Release;
		};
		5DDB2C9E2C3201AB00CD1B24 /* Build configuration list for PBXNativeTarget "Demo Sample" */ = {
			isa = XCConfigurationList;
			buildConfigurations = (
				5DDB2C9F2C3201AB00CD1B24 /* Debug */,
				5DDB2CA02C3201AB00CD1B24 /* Release */,
			);
			defaultConfigurationIsVisible = 0;
			defaultConfigurationName = Release;
		};
		5DDB2CA12C3201AB00CD1B24 /* Build configuration list for PBXNativeTarget "Demo SampleTests" */ = {
			isa = XCConfigurationList;
			buildConfigurations = (
				5DDB2CA22C3201AB00CD1B24 /* Debug */,
				5DDB2CA32C3201AB00CD1B24 /* Release */,
			);
			defaultConfigurationIsVisible = 0;
			defaultConfigurationName = Release;
		};
		5DDB2CA42C3201AB00CD1B24 /* Build configuration list for PBXNativeTarget "Demo SampleUITests" */ = {
			isa = XCConfigurationList;
			buildConfigurations = (
				5DDB2CA52C3201AB00CD1B24 /* Debug */,
				5DDB2CA62C3201AB00CD1B24 /* Release */,
			);
			defaultConfigurationIsVisible = 0;
			defaultConfigurationName = Release;
		};
/* End XCConfigurationList section */
	};
	rootObject = 5DDB2C6C2C3201AA00CD1B24 /* Project object */;
}
